github.com/davecgh/go-spew v1.1.0 h1:ZDRjVQ15GmhC3fiQ8ni8+OwkZQO4DARzQgrnXU1Liz8=
github.com/davecgh/go-spew v1.1.0/go.mod h1:J7Y8YcW2NihsgmVo/mv3lAwl/skON4iLHjSsI+c5H38=
github.com/fsgo/fscache v0.0.3 h1:sB1+0gy+U4wBWDiX/F19xCpnOigT9GNBkbRbUJ8IIWI=
github.com/fsgo/fscache v0.0.3/go.mod h1:CzAPs8vqMS0GgC7mRJkRyclg1z9Zhhhzb57bC79IgR8=
github.com/fsgo/fsgo v0.0.7-0.20240710132140-34d667eaee38 h1:pKboPNuuWtuu9s9VM9min0BuM97CF7MKQdcijlCCvyo=
github.com/fsgo/fsgo v0.0.7-0.20240710132140-34d667eaee38/go.mod h1:vEd9pG3wN/3V4fJHwHfkrZU1bBs70LE83Et8J52+nkk=
github.com/fsgo/fst v0.0.4 h1:d3LgjVxsb+Y2isbe7Erq8ZAp1p6qQpVVovazSDCOMpo=
github.com/fsgo/fst v0.0.4/go.mod h1:vNB0la0LICDwsMuwD7KR8NNDnslYyH/1x1+fOamXra8=
github.com/pmezard/go-difflib v1.0.0 h1:4DBwDE0NGyQoBHbLQYPwSUPoCMWR5BEzIk/f1lZbAQM=
github.com/pmezard/go-difflib v1.0.0/go.mod h1:iKH77koFhYxTK1pcRnkKkqfTogsbg7gZNVY4sRDYZ/4=
github.com/stretchr/testify v1.6.1 h1:hDPOHmpOpP40lSULcqw7IrRb/u7w6RpDC9399XyoNd0=
github.com/stretchr/testify v1.6.1/go.mod h1:6Fq8oRcR53rry900zMqJjRRixrwX3KX962/h/Wwjteg=
github.com/vmihailenco/msgpack/v5 v5.4.0 h1:hRM0digJwyR6vll33NNAwCFguy5JuBD6jxDmQP3l608=
github.com/vmihailenco/msgpack/v5 v5.4.0/go.mod h1:GaZTsDaehaPpQVyxrf5mtQlH+pc21PIudVV/E3rRQok=
github.com/vmihailenco/tagparser/v2 v2.0.0 h1:y09buUbR+b5aycVFQs/g70pqKVZNBmxwAhO7/IwNM9g=
github.com/vmihailenco/tagparser/v2 v2.0.0/go.mod h1:Wri+At7QHww0WTrCBeu4J6bNtoV6mEfg5OIWRZA9qds=
golang.org/x/sync v0.8.0 h1:3NFvSEYkUoMifnESzZl15y791HH1qU2xm6eCJU5ZPXQ=
golang.org/x/sync v0.8.0/go.mod h1:Czt+wKu1gCyEFDUtn0jG5QVvpJ6rzVqr5aXyt9drQfk=
gopkg.in/yaml.v3 v3.0.1 h1:fxVm/GzAzEWqLHuvctI91KS9hhNmmWOoWu0XTYJS7CA=
gopkg.in/yaml.v3 v3.0.1/go.mod h1:K4uyk7z7BCEPqu6E+C64Yfv1cQ7kz7rIZviUmN+EgEM=
